// !$*UTF8*$!
{
	archiveVersion = 1;
	classes = {
	};
	objectVersion = 46;
	objects = {

/* Begin PBXBuildFile section */
		BFF178281EEE3EA800BC54BE /* AppDelegate.swift in Sources */ = {isa = PBXBuildFile; fileRef = BFF178271EEE3EA800BC54BE /* AppDelegate.swift */; };
		BFF1782A1EEE3EA900BC54BE /* ViewController.swift in Sources */ = {isa = PBXBuildFile; fileRef = BFF178291EEE3EA900BC54BE /* ViewController.swift */; };
		BFF1782D1EEE3EA900BC54BE /* Main.storyboard in Resources */ = {isa = PBXBuildFile; fileRef = BFF1782B1EEE3EA900BC54BE /* Main.storyboard */; };
		BFF1782F1EEE3EA900BC54BE /* Assets.xcassets in Resources */ = {isa = PBXBuildFile; fileRef = BFF1782E1EEE3EA900BC54BE /* Assets.xcassets */; };
		BFF178321EEE3EA900BC54BE /* LaunchScreen.storyboard in Resources */ = {isa = PBXBuildFile; fileRef = BFF178301EEE3EA900BC54BE /* LaunchScreen.storyboard */; };
		BFF1783C1EEE3F0000BC54BE /* SmartDatePicker.swift in Sources */ = {isa = PBXBuildFile; fileRef = BFF1783A1EEE3F0000BC54BE /* SmartDatePicker.swift */; };
		BFF1783D1EEE3F0000BC54BE /* SmartDatePickerCell.swift in Sources */ = {isa = PBXBuildFile; fileRef = BFF1783B1EEE3F0000BC54BE /* SmartDatePickerCell.swift */; };
		BFF1783F1EEE3F4600BC54BE /* config.swift in Sources */ = {isa = PBXBuildFile; fileRef = BFF1783E1EEE3F4600BC54BE /* config.swift */; };
/* End PBXBuildFile section */

/* Begin PBXFileReference section */
		BFF178241EEE3EA700BC54BE /* SmartDatePicker.app */ = {isa = PBXFileReference; explicitFileType = wrapper.application; includeInIndex = 0; path = SmartDatePicker.app; sourceTree = BUILT_PRODUCTS_DIR; };
		BFF178271EEE3EA800BC54BE /* AppDelegate.swift */ = {isa = PBXFileReference; lastKnownFileType = sourcecode.swift; path = AppDelegate.swift; sourceTree = "<group>"; };
		BFF178291EEE3EA900BC54BE /* ViewController.swift */ = {isa = PBXFileReference; lastKnownFileType = sourcecode.swift; path = ViewController.swift; sourceTree = "<group>"; };
		BFF1782C1EEE3EA900BC54BE /* Base */ = {isa = PBXFileReference; lastKnownFileType = file.storyboard; name = Base; path = Base.lproj/Main.storyboard; sourceTree = "<group>"; };
		BFF1782E1EEE3EA900BC54BE /* Assets.xcassets */ = {isa = PBXFileReference; lastKnownFileType = folder.assetcatalog; path = Assets.xcassets; sourceTree = "<group>"; };
		BFF178311EEE3EA900BC54BE /* Base */ = {isa = PBXFileReference; lastKnownFileType = file.storyboard; name = Base; path = Base.lproj/LaunchScreen.storyboard; sourceTree = "<group>"; };
		BFF178331EEE3EA900BC54BE /* Info.plist */ = {isa = PBXFileReference; lastKnownFileType = text.plist.xml; path = Info.plist; sourceTree = "<group>"; };
		BFF1783A1EEE3F0000BC54BE /* SmartDatePicker.swift */ = {isa = PBXFileReference; fileEncoding = 4; lastKnownFileType = sourcecode.swift; path = SmartDatePicker.swift; sourceTree = "<group>"; };
		BFF1783B1EEE3F0000BC54BE /* SmartDatePickerCell.swift */ = {isa = PBXFileReference; fileEncoding = 4; lastKnownFileType = sourcecode.swift; path = SmartDatePickerCell.swift; sourceTree = "<group>"; };
		BFF1783E1EEE3F4600BC54BE /* config.swift */ = {isa = PBXFileReference; fileEncoding = 4; lastKnownFileType = sourcecode.swift; path = config.swift; sourceTree = "<group>"; };
/* End PBXFileReference section */

/* Begin PBXFrameworksBuildPhase section */
		BFF178211EEE3EA700BC54BE /* Frameworks */ = {
			isa = PBXFrameworksBuildPhase;
			buildActionMask = 2147483647;
			files = (
			);
			runOnlyForDeploymentPostprocessing = 0;
		};
/* End PBXFrameworksBuildPhase section */

/* Begin PBXGroup section */
		BFF1781B1EEE3EA700BC54BE = {
			isa = PBXGroup;
			children = (
				BFF178261EEE3EA700BC54BE /* SmartDatePicker */,
				BFF178251EEE3EA700BC54BE /* Products */,
			);
			sourceTree = "<group>";
		};
		BFF178251EEE3EA700BC54BE /* Products */ = {
			isa = PBXGroup;
			children = (
				BFF178241EEE3EA700BC54BE /* SmartDatePicker.app */,
			);
			name = Products;
			sourceTree = "<group>";
		};
		BFF178261EEE3EA700BC54BE /* SmartDatePicker */ = {
			isa = PBXGroup;
			children = (
				BFF178391EEE3F0000BC54BE /* SmartDatePicker */,
				BFF178271EEE3EA800BC54BE /* AppDelegate.swift */,
				BFF178291EEE3EA900BC54BE /* ViewController.swift */,
				BFF1782B1EEE3EA900BC54BE /* Main.storyboard */,
				BFF1782E1EEE3EA900BC54BE /* Assets.xcassets */,
				BFF178301EEE3EA900BC54BE /* LaunchScreen.storyboard */,
				BFF178331EEE3EA900BC54BE /* Info.plist */,
			);
			path = SmartDatePicker;
			sourceTree = "<group>";
		};
		BFF178391EEE3F0000BC54BE /* SmartDatePicker */ = {
			isa = PBXGroup;
			children = (
				BFF1783A1EEE3F0000BC54BE /* SmartDatePicker.swift */,
				BFF1783B1EEE3F0000BC54BE /* SmartDatePickerCell.swift */,
				BFF1783E1EEE3F4600BC54BE /* config.swift */,
			);
			path = SmartDatePicker;
			sourceTree = "<group>";
		};
/* End PBXGroup section */

/* Begin PBXNativeTarget section */
		BFF178231EEE3EA700BC54BE /* SmartDatePicker */ = {
			isa = PBXNativeTarget;
			buildConfigurationList = BFF178361EEE3EA900BC54BE /* Build configuration list for PBXNativeTarget "SmartDatePicker" */;
			buildPhases = (
				BFF178201EEE3EA700BC54BE /* Sources */,
				BFF178211EEE3EA700BC54BE /* Frameworks */,
				BFF178221EEE3EA700BC54BE /* Resources */,
			);
			buildRules = (
			);
			dependencies = (
			);
			name = SmartDatePicker;
			productName = SmartDatePicker;
			productReference = BFF178241EEE3EA700BC54BE /* SmartDatePicker.app */;
			productType = "com.apple.product-type.application";
		};
/* End PBXNativeTarget section */

/* Begin PBXProject section */
		BFF1781C1EEE3EA700BC54BE /* Project object */ = {
			isa = PBXProject;
			attributes = {
				LastSwiftUpdateCheck = 0830;
				LastUpgradeCheck = 0830;
				ORGANIZATIONNAME = "罗源";
				TargetAttributes = {
					BFF178231EEE3EA700BC54BE = {
						CreatedOnToolsVersion = 8.3.2;
						DevelopmentTeam = YFFVURF2K7;
						ProvisioningStyle = Automatic;
					};
				};
			};
			buildConfigurationList = BFF1781F1EEE3EA700BC54BE /* Build configuration list for PBXProject "SmartDatePicker" */;
			compatibilityVersion = "Xcode 3.2";
			developmentRegion = English;
			hasScannedForEncodings = 0;
			knownRegions = (
				en,
				Base,
			);
			mainGroup = BFF1781B1EEE3EA700BC54BE;
			productRefGroup = BFF178251EEE3EA700BC54BE /* Products */;
			projectDirPath = "";
			projectRoot = "";
			targets = (
				BFF178231EEE3EA700BC54BE /* SmartDatePicker */,
			);
		};
/* End PBXProject section */

/* Begin PBXResourcesBuildPhase section */
		BFF178221EEE3EA700BC54BE /* Resources */ = {
			isa = PBXResourcesBuildPhase;
			buildActionMask = 2147483647;
			files = (
				BFF178321EEE3EA900BC54BE /* LaunchScreen.storyboard in Resources */,
				BFF1782F1EEE3EA900BC54BE /* Assets.xcassets in Resources */,
				BFF1782D1EEE3EA900BC54BE /* Main.storyboard in Resources */,
			);
			runOnlyForDeploymentPostprocessing = 0;
		};
/* End PBXResourcesBuildPhase section */

/* Begin PBXSourcesBuildPhase section */
		BFF178201EEE3EA700BC54BE /* Sources */ = {
			isa = PBXSourcesBuildPhase;
			buildActionMask = 2147483647;
			files = (
				BFF1783C1EEE3F0000BC54BE /* SmartDatePicker.swift in Sources */,
				BFF1782A1EEE3EA900BC54BE /* ViewController.swift in Sources */,
				BFF178281EEE3EA800BC54BE /* AppDelegate.swift in Sources */,
				BFF1783F1EEE3F4600BC54BE /* config.swift in Sources */,
				BFF1783D1EEE3F0000BC54BE /* SmartDatePickerCell.swift in Sources */,
			);
			runOnlyForDeploymentPostprocessing = 0;
		};
/* End PBXSourcesBuildPhase section */

/* Begin PBXVariantGroup section */
		BFF1782B1EEE3EA900BC54BE /* Main.storyboard */ = {
			isa = PBXVariantGroup;
			children = (
				BFF1782C1EEE3EA900BC54BE /* Base */,
			);
			name = Main.storyboard;
			sourceTree = "<group>";
		};
		BFF178301EEE3EA900BC54BE /* LaunchScreen.storyboard */ = {
			isa = PBXVariantGroup;
			children = (
				BFF178311EEE3EA900BC54BE /* Base */,
			);
			name = LaunchScreen.storyboard;
			sourceTree = "<group>";
		};
/* End PBXVariantGroup section */

/* Begin XCBuildConfiguration section */
		BFF178341EEE3EA900BC54BE /* Debug */ = {
			isa = XCBuildConfiguration;
			buildSettings = {
				ALWAYS_SEARCH_USER_PATHS = NO;
				CLANG_ANALYZER_NONNULL = YES;
				CLANG_ANALYZER_NUMBER_OBJECT_CONVERSION = YES_AGGRESSIVE;
				CLANG_CXX_LANGUAGE_STANDARD = "gnu++0x";
				CLANG_CXX_LIBRARY = "libc++";
				CLANG_ENABLE_MODULES = YES;
				CLANG_ENABLE_OBJC_ARC = YES;
				CLANG_WARN_BOOL_CONVERSION = YES;
				CLANG_WARN_CONSTANT_CONVERSION = YES;
				CLANG_WARN_DIRECT_OBJC_ISA_USAGE = YES_ERROR;
				CLANG_WARN_DOCUMENTATION_COMMENTS = YES;
				CLANG_WARN_EMPTY_BODY = YES;
				CLANG_WARN_ENUM_CONVERSION = YES;
				CLANG_WARN_INFINITE_RECURSION = YES;
				CLANG_WARN_INT_CONVERSION = YES;
				CLANG_WARN_OBJC_ROOT_CLASS = YES_ERROR;
				CLANG_WARN_SUSPICIOUS_MOVE = YES;
				CLANG_WARN_UNREACHABLE_CODE = YES;
				CLANG_WARN__DUPLICATE_METHOD_MATCH = YES;
				"CODE_SIGN_IDENTITY[sdk=iphoneos*]" = "iPhone Developer";
				COPY_PHASE_STRIP = NO;
				DEBUG_INFORMATION_FORMAT = dwarf;
				ENABLE_STRICT_OBJC_MSGSEND = YES;
				ENABLE_TESTABILITY = YES;
				GCC_C_LANGUAGE_STANDARD = gnu99;
				GCC_DYNAMIC_NO_PIC = NO;
				GCC_NO_COMMON_BLOCKS = YES;
				GCC_OPTIMIZATION_LEVEL = 0;
				GCC_PREPROCESSOR_DEFINITIONS = (
					"DEBUG=1",
					"$(inherited)",
				);
				GCC_WARN_64_TO_32_BIT_CONVERSION = YES;
				GCC_WARN_ABOUT_RETURN_TYPE = YES_ERROR;
				GCC_WARN_UNDECLARED_SELECTOR = YES;
				GCC_WARN_UNINITIALIZED_AUTOS = YES_AGGRESSIVE;
				GCC_WARN_UNUSED_FUNCTION = YES;
				GCC_WARN_UNUSED_VARIABLE = YES;
				IPHONEOS_DEPLOYMENT_TARGET = 10.3;
				MTL_ENABLE_DEBUG_INFO = YES;
				ONLY_ACTIVE_ARCH = YES;
				SDKROOT = iphoneos;
				SWIFT_ACTIVE_COMPILATION_CONDITIONS = DEBUG;
				SWIFT_OPTIMIZATION_LEVEL = "-Onone";
				TARGETED_DEVICE_FAMILY = "1,2";
			};
			name = Debug;
		};
		BFF178351EEE3EA900BC54BE /* Release */ = {
			isa = XCBuildConfiguration;
			buildSettings = {
				ALWAYS_SEARCH_USER_PATHS = NO;
				CLANG_ANALYZER_NONNULL = YES;
				CLANG_ANALYZER_NUMBER_OBJECT_CONVERSION = YES_AGGRESSIVE;
				CLANG_CXX_LANGUAGE_STANDARD = "gnu++0x";
				CLANG_CXX_LIBRARY = "libc++";
				CLANG_ENABLE_MODULES = YES;
				CLANG_ENABLE_OBJC_ARC = YES;
				CLANG_WARN_BOOL_CONVERSION = YES;
				CLANG_WARN_CONSTANT_CONVERSION = YES;
				CLANG_WARN_DIRECT_OBJC_ISA_USAGE = YES_ERROR;
				CLANG_WARN_DOCUMENTATION_COMMENTS = YES;
				CLANG_WARN_EMPTY_BODY = YES;
				CLANG_WARN_ENUM_CONVERSION = YES;
				CLANG_WARN_INFINITE_RECURSION = YES;
				CLANG_WARN_INT_CONVERSION = YES;
				CLANG_WARN_OBJC_ROOT_CLASS = YES_ERROR;
				CLANG_WARN_SUSPICIOUS_MOVE = YES;
				CLANG_WARN_UNREACHABLE_CODE = YES;
				CLANG_WARN__DUPLICATE_METHOD_MATCH = YES;
				"CODE_SIGN_IDENTITY[sdk=iphoneos*]" = "iPhone Developer";
				COPY_PHASE_STRIP = NO;
				DEBUG_INFORMATION_FORMAT = "dwarf-with-dsym";
				ENABLE_NS_ASSERTIONS = NO;
				ENABLE_STRICT_OBJC_MSGSEND = YES;
				GCC_C_LANGUAGE_STANDARD = gnu99;
				GCC_NO_COMMON_BLOCKS = YES;
				GCC_WARN_64_TO_32_BIT_CONVERSION = YES;
				GCC_WARN_ABOUT_RETURN_TYPE = YES_ERROR;
				GCC_WARN_UNDECLARED_SELECTOR = YES;
				GCC_WARN_UNINITIALIZED_AUTOS = YES_AGGRESSIVE;
				GCC_WARN_UNUSED_FUNCTION = YES;
				GCC_WARN_UNUSED_VARIABLE = YES;
				IPHONEOS_DEPLOYMENT_TARGET = 10.3;
				MTL_ENABLE_DEBUG_INFO = NO;
				SDKROOT = iphoneos;
				SWIFT_OPTIMIZATION_LEVEL = "-Owholemodule";
				TARGETED_DEVICE_FAMILY = "1,2";
				VALIDATE_PRODUCT = YES;
			};
			name = Release;
		};
		BFF178371EEE3EA900BC54BE /* Debug */ = {
			isa = XCBuildConfiguration;
			buildSettings = {
				ASSETCATALOG_COMPILER_APPICON_NAME = AppIcon;
				DEVELOPMENT_TEAM = YFFVURF2K7;
				INFOPLIST_FILE = SmartDatePicker/Info.plist;
				LD_RUNPATH_SEARCH_PATHS = "$(inherited) @executable_path/Frameworks";
				PRODUCT_BUNDLE_IDENTIFIER = com.greenEarth.SmartDatePicker;
				PRODUCT_NAME = "$(TARGET_NAME)";
				SWIFT_VERSION = 3.0;
			};
			name = Debug;
		};
		BFF178381EEE3EA900BC54BE /* Release */ = {
			isa = XCBuildConfiguration;
			buildSettings = {
				ASSETCATALOG_COMPILER_APPICON_NAME = AppIcon;
				DEVELOPMENT_TEAM = YFFVURF2K7;
				INFOPLIST_FILE = SmartDatePicker/Info.plist;
				LD_RUNPATH_SEARCH_PATHS = "$(inherited) @executable_path/Frameworks";
				PRODUCT_BUNDLE_IDENTIFIER = com.greenEarth.SmartDatePicker;
				PRODUCT_NAME = "$(TARGET_NAME)";
				SWIFT_VERSION = 3.0;
			};
			name = Release;
		};
/* End XCBuildConfiguration section */

/* Begin XCConfigurationList section */
		BFF1781F1EEE3EA700BC54BE /* Build configuration list for PBXProject "SmartDatePicker" */ = {
			isa = XCConfigurationList;
			buildConfigurations = (
				BFF178341EEE3EA900BC54BE /* Debug */,
				BFF178351EEE3EA900BC54BE /* Release */,
			);
			defaultConfigurationIsVisible = 0;
			defaultConfigurationName = Release;
		};
		BFF178361EEE3EA900BC54BE /* Build configuration list for PBXNativeTarget "SmartDatePicker" */ = {
			isa = XCConfigurationList;
			buildConfigurations = (
				BFF178371EEE3EA900BC54BE /* Debug */,
				BFF178381EEE3EA900BC54BE /* Release */,
			);
			defaultConfigurationIsVisible = 0;
		};
/* End XCConfigurationList section */
	};
	rootObject = BFF1781C1EEE3EA700BC54BE /* Project object */;
}
